
Microsoft Visual Studio Solution File, Format Version 11.00
# Visual Studio 2010
Project("{FAE04EC0-301F-11D3-BF4B-00C04F79EFBC}") = "AvatarDemo", "Assembly-CSharp.csproj", "{591D069F-02FE-57EA-6DF2-08E71F193AD8}"
EndProject
Project("{FAE04EC0-301F-11D3-BF4B-00C04F79EFBC}") = "AvatarDemo", "Assembly-CSharp-Editor.csproj", "{8A3015A3-8FAF-D74C-EADA-39369E827C3F}"
EndProject
Global
	GlobalSection(SolutionConfigurationPlatforms) = preSolution
		Debug|Any CPU = Debug|Any CPU
		Release|Any CPU = Release|Any CPU
	EndGlobalSection
	GlobalSection(ProjectConfigurationPlatforms) = postSolution
		{591D069F-02FE-57EA-6DF2-08E71F193AD8}.Debug|Any CPU.ActiveCfg = Debug|Any CPU
		{591D069F-02FE-57EA-6DF2-08E71F193AD8}.Debug|Any CPU.Build.0 = Debug|Any CPU
		{591D069F-02FE-57EA-6DF2-08E71F193AD8}.Release|Any CPU.ActiveCfg = Release|Any CPU
		{591D069F-02FE-57EA-6DF2-08E71F193AD8}.Release|Any CPU.Build.0 = Release|Any CPU
		{8A3015A3-8FAF-D74C-EADA-39369E827C3F}.Debug|Any CPU.ActiveCfg = Debug|Any CPU
		{8A3015A3-8FAF-D74C-EADA-39369E827C3F}.Debug|Any CPU.Build.0 = Debug|Any CPU
		{8A3015A3-8FAF-D74C-EADA-39369E827C3F}.Release|Any CPU.ActiveCfg = Release|Any CPU
		{8A3015A3-8FAF-D74C-EADA-39369E827C3F}.Release|Any CPU.Build.0 = Release|Any CPU
	EndGlobalSection
	GlobalSection(SolutionProperties) = preSolution
		HideSolutionNode = FALSE
	EndGlobalSection
	GlobalSection(MonoDevelopProperties) = preSolution
		StartupItem = Assembly-CSharp.csproj
	EndGlobalSection
EndGlobal
